
Microsoft Visual Studio Solution File, Format Version 12.00
# Visual Studio Version 17
VisualStudioVersion = 17.9.34728.123
MinimumVisualStudioVersion = 10.0.40219.1
Project("{FAE04EC0-301F-11D3-BF4B-00C04F79EFBC}") = "CS_home", "CS_home\CS_home.csproj", "{EDB4C4F9-644B-40A5-AB1F-79E7F0121261}"
EndProject
Global
	GlobalSection(SolutionConfigurationPlatforms) = preSolution
		Debug|Any CPU = Debug|Any CPU
		Release|Any CPU = Release|Any CPU
	EndGlobalSection
	GlobalSection(ProjectConfigurationPlatforms) = postSolution
		{EDB4C4F9-644B-40A5-AB1F-79E7F0121261}.Debug|Any CPU.ActiveCfg = Debug|Any CPU
		{EDB4C4F9-644B-40A5-AB1F-79E7F0121261}.Debug|Any CPU.Build.0 = Debug|Any CPU
		{EDB4C4F9-644B-40A5-AB1F-79E7F0121261}.Release|Any CPU.ActiveCfg = Release|Any CPU
		{EDB4C4F9-644B-40A5-AB1F-79E7F0121261}.Release|Any CPU.Build.0 = Release|Any CPU
	EndGlobalSection
	GlobalSection(SolutionProperties) = preSolution
		HideSolutionNode = FALSE
	EndGlobalSection
	GlobalSection(ExtensibilityGlobals) = postSolution
		SolutionGuid = {79077128-4C76-4EB9-87A6-0A605B92815D}
	EndGlobalSection
EndGlobal
